
Microsoft Visual Studio Solution File, Format Version 12.00
# Visual Studio Version 17
VisualStudioVersion = 17.13.35913.81 d17.13
MinimumVisualStudioVersion = 10.0.40219.1
Project("{FAE04EC0-301F-11D3-BF4B-00C04F79EFBC}") = "Parcial1-Prog3", "Parcial1-Prog3.csproj", "{8B09FA2C-05B6-4AFC-BB59-A283201B0A1D}"
EndProject
Global
	GlobalSection(SolutionConfigurationPlatforms) = preSolution
		Debug|Any CPU = Debug|Any CPU
		Release|Any CPU = Release|Any CPU
	EndGlobalSection
	GlobalSection(ProjectConfigurationPlatforms) = postSolution
		{8B09FA2C-05B6-4AFC-BB59-A283201B0A1D}.Debug|Any CPU.ActiveCfg = Debug|Any CPU
		{8B09FA2C-05B6-4AFC-BB59-A283201B0A1D}.Debug|Any CPU.Build.0 = Debug|Any CPU
		{8B09FA2C-05B6-4AFC-BB59-A283201B0A1D}.Release|Any CPU.ActiveCfg = Release|Any CPU
		{8B09FA2C-05B6-4AFC-BB59-A283201B0A1D}.Release|Any CPU.Build.0 = Release|Any CPU
	EndGlobalSection
	GlobalSection(SolutionProperties) = preSolution
		HideSolutionNode = FALSE
	EndGlobalSection
	GlobalSection(ExtensibilityGlobals) = postSolution
		SolutionGuid = {87A93F7D-3F59-42FC-B5A6-1CA1B7CDED13}
	EndGlobalSection
EndGlobal
